
Microsoft Visual Studio Solution File, Format Version 10.00
# Visual Studio 2008
Project("{FAE04EC0-301F-11D3-BF4B-00C04F79EFBC}") = "SOC.Local.Assign.ZhuHai", "SOC.Local.Assign.ZhuHai.csproj", "{B15EF79B-A10B-4603-AD62-01E7B0451985}"
EndProject
Global
	GlobalSection(SolutionConfigurationPlatforms) = preSolution
		Debug|Any CPU = Debug|Any CPU
		Release|Any CPU = Release|Any CPU
	EndGlobalSection
	GlobalSection(ProjectConfigurationPlatforms) = postSolution
		{B15EF79B-A10B-4603-AD62-01E7B0451985}.Debug|Any CPU.ActiveCfg = Debug|Any CPU
		{B15EF79B-A10B-4603-AD62-01E7B0451985}.Debug|Any CPU.Build.0 = Debug|Any CPU
		{B15EF79B-A10B-4603-AD62-01E7B0451985}.Release|Any CPU.ActiveCfg = Release|Any CPU
		{B15EF79B-A10B-4603-AD62-01E7B0451985}.Release|Any CPU.Build.0 = Release|Any CPU
	EndGlobalSection
	GlobalSection(SolutionProperties) = preSolution
		HideSolutionNode = FALSE
	EndGlobalSection
EndGlobal
