
Microsoft Visual Studio Solution File, Format Version 10.00
# Visual Studio 2008
Project("{FAE04EC0-301F-11D3-BF4B-00C04F79EFBC}") = "FoShanSporadicUpload", "FoShanSporadicUpload.csproj", "{2888810F-C484-49B0-BF6D-D18BCA3A8F3C}"
EndProject
Project("{FAE04EC0-301F-11D3-BF4B-00C04F79EFBC}") = "FoShanDiseasePay", "..\..\..\病种分值付费结算系统接口\源码\FoShanDiseasePay\FoShanDiseasePay.csproj", "{5F113A5B-A589-48B7-8FD6-FEB3CAFDFB6B}"
EndProject
Global
	GlobalSection(SolutionConfigurationPlatforms) = preSolution
		Debug|Any CPU = Debug|Any CPU
		Release|Any CPU = Release|Any CPU
	EndGlobalSection
	GlobalSection(ProjectConfigurationPlatforms) = postSolution
		{2888810F-C484-49B0-BF6D-D18BCA3A8F3C}.Debug|Any CPU.ActiveCfg = Debug|Any CPU
		{2888810F-C484-49B0-BF6D-D18BCA3A8F3C}.Debug|Any CPU.Build.0 = Debug|Any CPU
		{2888810F-C484-49B0-BF6D-D18BCA3A8F3C}.Release|Any CPU.ActiveCfg = Release|Any CPU
		{2888810F-C484-49B0-BF6D-D18BCA3A8F3C}.Release|Any CPU.Build.0 = Release|Any CPU
		{5F113A5B-A589-48B7-8FD6-FEB3CAFDFB6B}.Debug|Any CPU.ActiveCfg = Debug|Any CPU
		{5F113A5B-A589-48B7-8FD6-FEB3CAFDFB6B}.Debug|Any CPU.Build.0 = Debug|Any CPU
		{5F113A5B-A589-48B7-8FD6-FEB3CAFDFB6B}.Release|Any CPU.ActiveCfg = Release|Any CPU
		{5F113A5B-A589-48B7-8FD6-FEB3CAFDFB6B}.Release|Any CPU.Build.0 = Release|Any CPU
	EndGlobalSection
	GlobalSection(SolutionProperties) = preSolution
		HideSolutionNode = FALSE
	EndGlobalSection
EndGlobal
