
Microsoft Visual Studio Solution File, Format Version 10.00
# Visual Studio 2008
Project("{FAE04EC0-301F-11D3-BF4B-00C04F79EFBC}") = "SOC.SocialSecurity.ShengGongFeeSI", "SOC.SocialSecurity.ShengGongFeeSI\SOC.SocialSecurity.ShengGongFeeSI.csproj", "{1EEFF871-1FE1-4772-9E94-175516E4F50B}"
EndProject
Project("{FAE04EC0-301F-11D3-BF4B-00C04F79EFBC}") = "SOC.HISFC.SocialSecurity.ShenZhen", "SOC.HISFC.SocialSecurity.ShenZhen\SOC.HISFC.SocialSecurity.ShenZhen.csproj", "{DEC869E3-E6A5-4A26-8607-9D8BAB496472}"
EndProject
Project("{FAE04EC0-301F-11D3-BF4B-00C04F79EFBC}") = "SOC.Local.SocialSecurity.Gyzl.PublicFee", "SOC.Local.SocialSecurity.Gyzl.PublicFee\SOC.Local.SocialSecurity.Gyzl.PublicFee.csproj", "{65024BCC-D3CC-4A57-A964-E496761470F1}"
EndProject
Project("{FAE04EC0-301F-11D3-BF4B-00C04F79EFBC}") = "SOC.Local.SocialSecurity.Gyzl.SoldiersOptimal", "SOC.Local.SocialSecurity.Gyzl.SoldiersOptimal\SOC.Local.SocialSecurity.Gyzl.SoldiersOptimal.csproj", "{7CE6C732-6EDA-4A40-AEB7-D0ED6D3E1A97}"
EndProject
Project("{FAE04EC0-301F-11D3-BF4B-00C04F79EFBC}") = "SOC.Local.SocialSecurity.Zdly.PublicFee", "SOC.Local.SocialSecurity.Zdly.PublicFee\SOC.Local.SocialSecurity.Zdly.PublicFee.csproj", "{C5F8B117-ECB1-4058-B2FA-1A4A7C3C580C}"
EndProject
Project("{FAE04EC0-301F-11D3-BF4B-00C04F79EFBC}") = "WindowsFormsApplication1", "WindowsFormsApplication1\WindowsFormsApplication1\WindowsFormsApplication1.csproj", "{FDD07784-8842-4597-ABCC-619FA4D4970C}"
EndProject
Global
	GlobalSection(SolutionConfigurationPlatforms) = preSolution
		Debug|Any CPU = Debug|Any CPU
		Release|Any CPU = Release|Any CPU
	EndGlobalSection
	GlobalSection(ProjectConfigurationPlatforms) = postSolution
		{1EEFF871-1FE1-4772-9E94-175516E4F50B}.Debug|Any CPU.ActiveCfg = Debug|Any CPU
		{1EEFF871-1FE1-4772-9E94-175516E4F50B}.Debug|Any CPU.Build.0 = Debug|Any CPU
		{1EEFF871-1FE1-4772-9E94-175516E4F50B}.Release|Any CPU.ActiveCfg = Release|Any CPU
		{1EEFF871-1FE1-4772-9E94-175516E4F50B}.Release|Any CPU.Build.0 = Release|Any CPU
		{DEC869E3-E6A5-4A26-8607-9D8BAB496472}.Debug|Any CPU.ActiveCfg = Debug|Any CPU
		{DEC869E3-E6A5-4A26-8607-9D8BAB496472}.Debug|Any CPU.Build.0 = Debug|Any CPU
		{DEC869E3-E6A5-4A26-8607-9D8BAB496472}.Release|Any CPU.ActiveCfg = Release|Any CPU
		{DEC869E3-E6A5-4A26-8607-9D8BAB496472}.Release|Any CPU.Build.0 = Release|Any CPU
		{65024BCC-D3CC-4A57-A964-E496761470F1}.Debug|Any CPU.ActiveCfg = Debug|Any CPU
		{65024BCC-D3CC-4A57-A964-E496761470F1}.Debug|Any CPU.Build.0 = Debug|Any CPU
		{65024BCC-D3CC-4A57-A964-E496761470F1}.Release|Any CPU.ActiveCfg = Release|Any CPU
		{65024BCC-D3CC-4A57-A964-E496761470F1}.Release|Any CPU.Build.0 = Release|Any CPU
		{7CE6C732-6EDA-4A40-AEB7-D0ED6D3E1A97}.Debug|Any CPU.ActiveCfg = Debug|Any CPU
		{7CE6C732-6EDA-4A40-AEB7-D0ED6D3E1A97}.Debug|Any CPU.Build.0 = Debug|Any CPU
		{7CE6C732-6EDA-4A40-AEB7-D0ED6D3E1A97}.Release|Any CPU.ActiveCfg = Release|Any CPU
		{7CE6C732-6EDA-4A40-AEB7-D0ED6D3E1A97}.Release|Any CPU.Build.0 = Release|Any CPU
		{C5F8B117-ECB1-4058-B2FA-1A4A7C3C580C}.Debug|Any CPU.ActiveCfg = Debug|Any CPU
		{C5F8B117-ECB1-4058-B2FA-1A4A7C3C580C}.Debug|Any CPU.Build.0 = Debug|Any CPU
		{C5F8B117-ECB1-4058-B2FA-1A4A7C3C580C}.Release|Any CPU.ActiveCfg = Release|Any CPU
		{C5F8B117-ECB1-4058-B2FA-1A4A7C3C580C}.Release|Any CPU.Build.0 = Release|Any CPU
		{FDD07784-8842-4597-ABCC-619FA4D4970C}.Debug|Any CPU.ActiveCfg = Debug|Any CPU
		{FDD07784-8842-4597-ABCC-619FA4D4970C}.Debug|Any CPU.Build.0 = Debug|Any CPU
		{FDD07784-8842-4597-ABCC-619FA4D4970C}.Release|Any CPU.ActiveCfg = Release|Any CPU
		{FDD07784-8842-4597-ABCC-619FA4D4970C}.Release|Any CPU.Build.0 = Release|Any CPU
	EndGlobalSection
	GlobalSection(SolutionProperties) = preSolution
		HideSolutionNode = FALSE
	EndGlobalSection
EndGlobal
