
Microsoft Visual Studio Solution File, Format Version 10.00
# Visual Studio 2008
Project("{FAE04EC0-301F-11D3-BF4B-00C04F79EFBC}") = "SOC.Local.PacsApply", "SOC.Local.PacsApply.csproj", "{A35A19AC-B651-4E47-9632-01022BFCE853}"
EndProject
Global
	GlobalSection(SolutionConfigurationPlatforms) = preSolution
		Debug|Any CPU = Debug|Any CPU
		Release|Any CPU = Release|Any CPU
	EndGlobalSection
	GlobalSection(ProjectConfigurationPlatforms) = postSolution
		{A35A19AC-B651-4E47-9632-01022BFCE853}.Debug|Any CPU.ActiveCfg = Debug|Any CPU
		{A35A19AC-B651-4E47-9632-01022BFCE853}.Debug|Any CPU.Build.0 = Debug|Any CPU
		{A35A19AC-B651-4E47-9632-01022BFCE853}.Release|Any CPU.ActiveCfg = Release|Any CPU
		{A35A19AC-B651-4E47-9632-01022BFCE853}.Release|Any CPU.Build.0 = Release|Any CPU
	EndGlobalSection
	GlobalSection(SolutionProperties) = preSolution
		HideSolutionNode = FALSE
	EndGlobalSection
EndGlobal
