
Microsoft Visual Studio Solution File, Format Version 10.00
# Visual Studio 2008
Project("{FAE04EC0-301F-11D3-BF4B-00C04F79EFBC}") = "HISFC.BizLogic.AdminQuery", "AdminQuery\HISFC.BizLogic.AdminQuery.csproj", "{28A2B25A-F9F6-4507-A92B-A86E9350E423}"
EndProject
Project("{FAE04EC0-301F-11D3-BF4B-00C04F79EFBC}") = "HISFC.BizLogic.EPR", "EPR\HISFC.BizLogic.EPR.csproj", "{130C8EC5-0089-4ACD-AD7B-DE1E767993DB}"
EndProject
Project("{FAE04EC0-301F-11D3-BF4B-00C04F79EFBC}") = "HISFC.BizLogic.File", "File\HISFC.BizLogic.File.csproj", "{24F6A547-2501-4364-88E2-E125469B459A}"
EndProject
Project("{FAE04EC0-301F-11D3-BF4B-00C04F79EFBC}") = "HISFC.BizLogic.Fee", "Fee\HISFC.BizLogic.Fee.csproj", "{724ABF87-EC3E-454F-BA5C-6620AC3FF2B0}"
EndProject
Project("{FAE04EC0-301F-11D3-BF4B-00C04F79EFBC}") = "HISFC.BizLogic.Manager", "Manager\HISFC.BizLogic.Manager.csproj", "{FF0BAC93-5FF3-40C3-A537-F3260FCAD40C}"
EndProject
Project("{FAE04EC0-301F-11D3-BF4B-00C04F79EFBC}") = "HISFC.BizLogic.HealthCard", "HealthCard\HISFC.BizLogic.HealthCard.csproj", "{627C81E0-8926-4B2D-AB06-D5CCDDB5F7B8}"
EndProject
Project("{FAE04EC0-301F-11D3-BF4B-00C04F79EFBC}") = "HISFC.BizLogic.HL7", "HL7\HISFC.BizLogic.HL7.csproj", "{3095E477-6B47-49DE-802D-CCC654802228}"
EndProject
Project("{FAE04EC0-301F-11D3-BF4B-00C04F79EFBC}") = "HISFC.BizLogic.MedicalPackage", "MedicalPackage\HISFC.BizLogic.MedicalPackage.csproj", "{394AF1FF-B4EA-4A61-92CA-811FF8C1AEBD}"
EndProject
Project("{FAE04EC0-301F-11D3-BF4B-00C04F79EFBC}") = "HISFC.BizLogic.MedicalTechnology", "MedicalTechnology\HISFC.BizLogic.MedicalTechnology.csproj", "{7BABA3EC-6440-4425-B6C3-0F8C89BB554F}"
EndProject
Project("{FAE04EC0-301F-11D3-BF4B-00C04F79EFBC}") = "HISFC.BizLogic.Nurse", "Nurse\HISFC.BizLogic.Nurse.csproj", "{DFD4AAF5-39D6-48B4-9F5F-16088CBC577E}"
EndProject
Project("{FAE04EC0-301F-11D3-BF4B-00C04F79EFBC}") = "HISFC.BizLogic.Operation", "Operation\HISFC.BizLogic.Operation.csproj", "{96D97670-EE86-4592-BB67-62F23F2425D9}"
EndProject
Project("{FAE04EC0-301F-11D3-BF4B-00C04F79EFBC}") = "HISFC.BizLogic.Order", "Order\HISFC.BizLogic.Order.csproj", "{6C5F58FB-0D9B-4936-A53C-472D18A557DC}"
EndProject
Project("{FAE04EC0-301F-11D3-BF4B-00C04F79EFBC}") = "HISFC.BizLogic.Pharmacy", "Pharmacy\HISFC.BizLogic.Pharmacy.csproj", "{D420FA40-9E4A-458F-B3FD-41EA0A4FDA71}"
EndProject
Project("{FAE04EC0-301F-11D3-BF4B-00C04F79EFBC}") = "HISFC.BizLogic.PhysicalExamination", "PhysicalExamination\HISFC.BizLogic.PhysicalExamination.csproj", "{554618C2-6EA5-46F6-8D4E-53D7B2BC68E8}"
EndProject
Project("{FAE04EC0-301F-11D3-BF4B-00C04F79EFBC}") = "HISFC.BizLogic.Privilege", "Privilege\HISFC.BizLogic.Privilege.csproj", "{798FD52F-E0E7-448D-8BAA-951DA736C571}"
EndProject
Project("{FAE04EC0-301F-11D3-BF4B-00C04F79EFBC}") = "HISFC.BizLogic.RADT", "RADT\HISFC.BizLogic.RADT.csproj", "{4C43E0D2-7818-44C2-9682-2A6AEF326867}"
EndProject
Project("{FAE04EC0-301F-11D3-BF4B-00C04F79EFBC}") = "HISFC.BizLogic.Registration", "Registration\HISFC.BizLogic.Registration.csproj", "{B3C180C1-9239-4ED8-AB22-0165F0CCA8F5}"
EndProject
Project("{FAE04EC0-301F-11D3-BF4B-00C04F79EFBC}") = "HISFC.BizLogic.Speciment", "Speciment\HISFC.BizLogic.Speciment.csproj", "{77F0F84E-8E29-4CCE-B449-FBD88CEE3678}"
EndProject
Project("{FAE04EC0-301F-11D3-BF4B-00C04F79EFBC}") = "HISFC.BizLogic.Terminal", "Terminal\HISFC.BizLogic.Terminal.csproj", "{2143710F-EAEB-4CF1-A5A6-BAB3CD3D3130}"
EndProject
Project("{FAE04EC0-301F-11D3-BF4B-00C04F79EFBC}") = "HISFC.BizLogic.HealthRecord", "HealthRecord\HISFC.BizLogic.HealthRecord.csproj", "{EE2A8497-B192-4EF7-A06B-5A544ABAE1DD}"
EndProject
Project("{FAE04EC0-301F-11D3-BF4B-00C04F79EFBC}") = "HISFC.BizProcess.Factory", "..\HISFC.BizProcess\Factory\HISFC.BizProcess.Factory.csproj", "{BEE7A03E-3C6B-42D7-88D5-D1A1C1E78C99}"
EndProject
Project("{FAE04EC0-301F-11D3-BF4B-00C04F79EFBC}") = "HISFC.BizProcess.Integrate", "..\HISFC.BizProcess\Integrate\HISFC.BizProcess.Integrate.csproj", "{86C60E4F-2374-4E03-9303-92BB6E1E6949}"
EndProject
Project("{FAE04EC0-301F-11D3-BF4B-00C04F79EFBC}") = "HISFC.BizProcess.Interface", "..\HISFC.BizProcess\Interface\HISFC.BizProcess.Interface.csproj", "{5B40826A-10E4-4667-ACD6-49AC52F5FA79}"
EndProject
Project("{FAE04EC0-301F-11D3-BF4B-00C04F79EFBC}") = "HISTOOLS", "..\HISTOOLS\HISTOOLS.csproj", "{1318C9B4-74A1-4FAC-ACF9-4FCD2D8B43CA}"
EndProject
Global
	GlobalSection(SolutionConfigurationPlatforms) = preSolution
		Debug|Any CPU = Debug|Any CPU
		Release|Any CPU = Release|Any CPU
	EndGlobalSection
	GlobalSection(ProjectConfigurationPlatforms) = postSolution
		{28A2B25A-F9F6-4507-A92B-A86E9350E423}.Debug|Any CPU.ActiveCfg = Debug|Any CPU
		{28A2B25A-F9F6-4507-A92B-A86E9350E423}.Debug|Any CPU.Build.0 = Debug|Any CPU
		{28A2B25A-F9F6-4507-A92B-A86E9350E423}.Release|Any CPU.ActiveCfg = Release|Any CPU
		{28A2B25A-F9F6-4507-A92B-A86E9350E423}.Release|Any CPU.Build.0 = Release|Any CPU
		{130C8EC5-0089-4ACD-AD7B-DE1E767993DB}.Debug|Any CPU.ActiveCfg = Debug|Any CPU
		{130C8EC5-0089-4ACD-AD7B-DE1E767993DB}.Debug|Any CPU.Build.0 = Debug|Any CPU
		{130C8EC5-0089-4ACD-AD7B-DE1E767993DB}.Release|Any CPU.ActiveCfg = Release|Any CPU
		{130C8EC5-0089-4ACD-AD7B-DE1E767993DB}.Release|Any CPU.Build.0 = Release|Any CPU
		{24F6A547-2501-4364-88E2-E125469B459A}.Debug|Any CPU.ActiveCfg = Debug|Any CPU
		{24F6A547-2501-4364-88E2-E125469B459A}.Debug|Any CPU.Build.0 = Debug|Any CPU
		{24F6A547-2501-4364-88E2-E125469B459A}.Release|Any CPU.ActiveCfg = Release|Any CPU
		{24F6A547-2501-4364-88E2-E125469B459A}.Release|Any CPU.Build.0 = Release|Any CPU
		{724ABF87-EC3E-454F-BA5C-6620AC3FF2B0}.Debug|Any CPU.ActiveCfg = Debug|Any CPU
		{724ABF87-EC3E-454F-BA5C-6620AC3FF2B0}.Debug|Any CPU.Build.0 = Debug|Any CPU
		{724ABF87-EC3E-454F-BA5C-6620AC3FF2B0}.Release|Any CPU.ActiveCfg = Release|Any CPU
		{724ABF87-EC3E-454F-BA5C-6620AC3FF2B0}.Release|Any CPU.Build.0 = Release|Any CPU
		{FF0BAC93-5FF3-40C3-A537-F3260FCAD40C}.Debug|Any CPU.ActiveCfg = Debug|Any CPU
		{FF0BAC93-5FF3-40C3-A537-F3260FCAD40C}.Debug|Any CPU.Build.0 = Debug|Any CPU
		{FF0BAC93-5FF3-40C3-A537-F3260FCAD40C}.Release|Any CPU.ActiveCfg = Release|Any CPU
		{FF0BAC93-5FF3-40C3-A537-F3260FCAD40C}.Release|Any CPU.Build.0 = Release|Any CPU
		{627C81E0-8926-4B2D-AB06-D5CCDDB5F7B8}.Debug|Any CPU.ActiveCfg = Debug|Any CPU
		{627C81E0-8926-4B2D-AB06-D5CCDDB5F7B8}.Debug|Any CPU.Build.0 = Debug|Any CPU
		{627C81E0-8926-4B2D-AB06-D5CCDDB5F7B8}.Release|Any CPU.ActiveCfg = Release|Any CPU
		{627C81E0-8926-4B2D-AB06-D5CCDDB5F7B8}.Release|Any CPU.Build.0 = Release|Any CPU
		{3095E477-6B47-49DE-802D-CCC654802228}.Debug|Any CPU.ActiveCfg = Debug|Any CPU
		{3095E477-6B47-49DE-802D-CCC654802228}.Debug|Any CPU.Build.0 = Debug|Any CPU
		{3095E477-6B47-49DE-802D-CCC654802228}.Release|Any CPU.ActiveCfg = Release|Any CPU
		{3095E477-6B47-49DE-802D-CCC654802228}.Release|Any CPU.Build.0 = Release|Any CPU
		{394AF1FF-B4EA-4A61-92CA-811FF8C1AEBD}.Debug|Any CPU.ActiveCfg = Debug|Any CPU
		{394AF1FF-B4EA-4A61-92CA-811FF8C1AEBD}.Debug|Any CPU.Build.0 = Debug|Any CPU
		{394AF1FF-B4EA-4A61-92CA-811FF8C1AEBD}.Release|Any CPU.ActiveCfg = Release|Any CPU
		{394AF1FF-B4EA-4A61-92CA-811FF8C1AEBD}.Release|Any CPU.Build.0 = Release|Any CPU
		{7BABA3EC-6440-4425-B6C3-0F8C89BB554F}.Debug|Any CPU.ActiveCfg = Debug|Any CPU
		{7BABA3EC-6440-4425-B6C3-0F8C89BB554F}.Debug|Any CPU.Build.0 = Debug|Any CPU
		{7BABA3EC-6440-4425-B6C3-0F8C89BB554F}.Release|Any CPU.ActiveCfg = Release|Any CPU
		{7BABA3EC-6440-4425-B6C3-0F8C89BB554F}.Release|Any CPU.Build.0 = Release|Any CPU
		{DFD4AAF5-39D6-48B4-9F5F-16088CBC577E}.Debug|Any CPU.ActiveCfg = Debug|Any CPU
		{DFD4AAF5-39D6-48B4-9F5F-16088CBC577E}.Debug|Any CPU.Build.0 = Debug|Any CPU
		{DFD4AAF5-39D6-48B4-9F5F-16088CBC577E}.Release|Any CPU.ActiveCfg = Release|Any CPU
		{DFD4AAF5-39D6-48B4-9F5F-16088CBC577E}.Release|Any CPU.Build.0 = Release|Any CPU
		{96D97670-EE86-4592-BB67-62F23F2425D9}.Debug|Any CPU.ActiveCfg = Debug|Any CPU
		{96D97670-EE86-4592-BB67-62F23F2425D9}.Debug|Any CPU.Build.0 = Debug|Any CPU
		{96D97670-EE86-4592-BB67-62F23F2425D9}.Release|Any CPU.ActiveCfg = Release|Any CPU
		{96D97670-EE86-4592-BB67-62F23F2425D9}.Release|Any CPU.Build.0 = Release|Any CPU
		{6C5F58FB-0D9B-4936-A53C-472D18A557DC}.Debug|Any CPU.ActiveCfg = Debug|Any CPU
		{6C5F58FB-0D9B-4936-A53C-472D18A557DC}.Debug|Any CPU.Build.0 = Debug|Any CPU
		{6C5F58FB-0D9B-4936-A53C-472D18A557DC}.Release|Any CPU.ActiveCfg = Release|Any CPU
		{6C5F58FB-0D9B-4936-A53C-472D18A557DC}.Release|Any CPU.Build.0 = Release|Any CPU
		{D420FA40-9E4A-458F-B3FD-41EA0A4FDA71}.Debug|Any CPU.ActiveCfg = Debug|Any CPU
		{D420FA40-9E4A-458F-B3FD-41EA0A4FDA71}.Debug|Any CPU.Build.0 = Debug|Any CPU
		{D420FA40-9E4A-458F-B3FD-41EA0A4FDA71}.Release|Any CPU.ActiveCfg = Release|Any CPU
		{D420FA40-9E4A-458F-B3FD-41EA0A4FDA71}.Release|Any CPU.Build.0 = Release|Any CPU
		{554618C2-6EA5-46F6-8D4E-53D7B2BC68E8}.Debug|Any CPU.ActiveCfg = Debug|Any CPU
		{554618C2-6EA5-46F6-8D4E-53D7B2BC68E8}.Debug|Any CPU.Build.0 = Debug|Any CPU
		{554618C2-6EA5-46F6-8D4E-53D7B2BC68E8}.Release|Any CPU.ActiveCfg = Release|Any CPU
		{554618C2-6EA5-46F6-8D4E-53D7B2BC68E8}.Release|Any CPU.Build.0 = Release|Any CPU
		{798FD52F-E0E7-448D-8BAA-951DA736C571}.Debug|Any CPU.ActiveCfg = Debug|Any CPU
		{798FD52F-E0E7-448D-8BAA-951DA736C571}.Debug|Any CPU.Build.0 = Debug|Any CPU
		{798FD52F-E0E7-448D-8BAA-951DA736C571}.Release|Any CPU.ActiveCfg = Release|Any CPU
		{798FD52F-E0E7-448D-8BAA-951DA736C571}.Release|Any CPU.Build.0 = Release|Any CPU
		{4C43E0D2-7818-44C2-9682-2A6AEF326867}.Debug|Any CPU.ActiveCfg = Debug|Any CPU
		{4C43E0D2-7818-44C2-9682-2A6AEF326867}.Debug|Any CPU.Build.0 = Debug|Any CPU
		{4C43E0D2-7818-44C2-9682-2A6AEF326867}.Release|Any CPU.ActiveCfg = Release|Any CPU
		{4C43E0D2-7818-44C2-9682-2A6AEF326867}.Release|Any CPU.Build.0 = Release|Any CPU
		{B3C180C1-9239-4ED8-AB22-0165F0CCA8F5}.Debug|Any CPU.ActiveCfg = Debug|Any CPU
		{B3C180C1-9239-4ED8-AB22-0165F0CCA8F5}.Debug|Any CPU.Build.0 = Debug|Any CPU
		{B3C180C1-9239-4ED8-AB22-0165F0CCA8F5}.Release|Any CPU.ActiveCfg = Release|Any CPU
		{B3C180C1-9239-4ED8-AB22-0165F0CCA8F5}.Release|Any CPU.Build.0 = Release|Any CPU
		{77F0F84E-8E29-4CCE-B449-FBD88CEE3678}.Debug|Any CPU.ActiveCfg = Debug|Any CPU
		{77F0F84E-8E29-4CCE-B449-FBD88CEE3678}.Debug|Any CPU.Build.0 = Debug|Any CPU
		{77F0F84E-8E29-4CCE-B449-FBD88CEE3678}.Release|Any CPU.ActiveCfg = Release|Any CPU
		{77F0F84E-8E29-4CCE-B449-FBD88CEE3678}.Release|Any CPU.Build.0 = Release|Any CPU
		{2143710F-EAEB-4CF1-A5A6-BAB3CD3D3130}.Debug|Any CPU.ActiveCfg = Debug|Any CPU
		{2143710F-EAEB-4CF1-A5A6-BAB3CD3D3130}.Debug|Any CPU.Build.0 = Debug|Any CPU
		{2143710F-EAEB-4CF1-A5A6-BAB3CD3D3130}.Release|Any CPU.ActiveCfg = Release|Any CPU
		{2143710F-EAEB-4CF1-A5A6-BAB3CD3D3130}.Release|Any CPU.Build.0 = Release|Any CPU
		{EE2A8497-B192-4EF7-A06B-5A544ABAE1DD}.Debug|Any CPU.ActiveCfg = Debug|Any CPU
		{EE2A8497-B192-4EF7-A06B-5A544ABAE1DD}.Debug|Any CPU.Build.0 = Debug|Any CPU
		{EE2A8497-B192-4EF7-A06B-5A544ABAE1DD}.Release|Any CPU.ActiveCfg = Release|Any CPU
		{EE2A8497-B192-4EF7-A06B-5A544ABAE1DD}.Release|Any CPU.Build.0 = Release|Any CPU
		{BEE7A03E-3C6B-42D7-88D5-D1A1C1E78C99}.Debug|Any CPU.ActiveCfg = Debug|Any CPU
		{BEE7A03E-3C6B-42D7-88D5-D1A1C1E78C99}.Debug|Any CPU.Build.0 = Debug|Any CPU
		{BEE7A03E-3C6B-42D7-88D5-D1A1C1E78C99}.Release|Any CPU.ActiveCfg = Release|Any CPU
		{BEE7A03E-3C6B-42D7-88D5-D1A1C1E78C99}.Release|Any CPU.Build.0 = Release|Any CPU
		{86C60E4F-2374-4E03-9303-92BB6E1E6949}.Debug|Any CPU.ActiveCfg = Debug|Any CPU
		{86C60E4F-2374-4E03-9303-92BB6E1E6949}.Debug|Any CPU.Build.0 = Debug|Any CPU
		{86C60E4F-2374-4E03-9303-92BB6E1E6949}.Release|Any CPU.ActiveCfg = Release|Any CPU
		{86C60E4F-2374-4E03-9303-92BB6E1E6949}.Release|Any CPU.Build.0 = Release|Any CPU
		{5B40826A-10E4-4667-ACD6-49AC52F5FA79}.Debug|Any CPU.ActiveCfg = Debug|Any CPU
		{5B40826A-10E4-4667-ACD6-49AC52F5FA79}.Debug|Any CPU.Build.0 = Debug|Any CPU
		{5B40826A-10E4-4667-ACD6-49AC52F5FA79}.Release|Any CPU.ActiveCfg = Release|Any CPU
		{5B40826A-10E4-4667-ACD6-49AC52F5FA79}.Release|Any CPU.Build.0 = Release|Any CPU
		{1318C9B4-74A1-4FAC-ACF9-4FCD2D8B43CA}.Debug|Any CPU.ActiveCfg = Debug|Any CPU
		{1318C9B4-74A1-4FAC-ACF9-4FCD2D8B43CA}.Debug|Any CPU.Build.0 = Debug|Any CPU
		{1318C9B4-74A1-4FAC-ACF9-4FCD2D8B43CA}.Release|Any CPU.ActiveCfg = Release|Any CPU
		{1318C9B4-74A1-4FAC-ACF9-4FCD2D8B43CA}.Release|Any CPU.Build.0 = Release|Any CPU
	EndGlobalSection
	GlobalSection(SolutionProperties) = preSolution
		HideSolutionNode = FALSE
	EndGlobalSection
EndGlobal
