
Microsoft Visual Studio Solution File, Format Version 10.00
# Visual Studio 2008
Project("{FAE04EC0-301F-11D3-BF4B-00C04F79EFBC}") = "SOC.Local.CallQueue", "SOC.Local.CallQueue.csproj", "{48FE5DA0-E417-4CE1-9D1F-A81DA978698A}"
EndProject
Global
	GlobalSection(SolutionConfigurationPlatforms) = preSolution
		Debug|Any CPU = Debug|Any CPU
		Release|Any CPU = Release|Any CPU
	EndGlobalSection
	GlobalSection(ProjectConfigurationPlatforms) = postSolution
		{48FE5DA0-E417-4CE1-9D1F-A81DA978698A}.Debug|Any CPU.ActiveCfg = Debug|Any CPU
		{48FE5DA0-E417-4CE1-9D1F-A81DA978698A}.Debug|Any CPU.Build.0 = Debug|Any CPU
		{48FE5DA0-E417-4CE1-9D1F-A81DA978698A}.Release|Any CPU.ActiveCfg = Release|Any CPU
		{48FE5DA0-E417-4CE1-9D1F-A81DA978698A}.Release|Any CPU.Build.0 = Release|Any CPU
	EndGlobalSection
	GlobalSection(SolutionProperties) = preSolution
		HideSolutionNode = FALSE
	EndGlobalSection
EndGlobal
