
Microsoft Visual Studio Solution File, Format Version 10.00
# Visual Studio 2008
Project("{FAE04EC0-301F-11D3-BF4B-00C04F79EFBC}") = "SOC.Local.Gyzl.AppointPlatForm", "SOC.Local.Gyzl.AppointPlatForm\SOC.Local.Gyzl.AppointPlatForm.csproj", "{D7CAA4AD-E61E-46BE-90AA-BEE437149B93}"
EndProject
Global
	GlobalSection(SolutionConfigurationPlatforms) = preSolution
		Debug|Any CPU = Debug|Any CPU
		Release|Any CPU = Release|Any CPU
	EndGlobalSection
	GlobalSection(ProjectConfigurationPlatforms) = postSolution
		{D7CAA4AD-E61E-46BE-90AA-BEE437149B93}.Debug|Any CPU.ActiveCfg = Debug|Any CPU
		{D7CAA4AD-E61E-46BE-90AA-BEE437149B93}.Debug|Any CPU.Build.0 = Debug|Any CPU
		{D7CAA4AD-E61E-46BE-90AA-BEE437149B93}.Release|Any CPU.ActiveCfg = Release|Any CPU
		{D7CAA4AD-E61E-46BE-90AA-BEE437149B93}.Release|Any CPU.Build.0 = Release|Any CPU
	EndGlobalSection
	GlobalSection(SolutionProperties) = preSolution
		HideSolutionNode = FALSE
	EndGlobalSection
EndGlobal
