
Microsoft Visual Studio Solution File, Format Version 12.00
# Visual Studio Version 16
VisualStudioVersion = 16.0.31205.134
MinimumVisualStudioVersion = 10.0.40219.1
Project("{FAE04EC0-301F-11D3-BF4B-00C04F79EFBC}") = "API.GZSI", "API.GZSI.csproj", "{4A0950B4-54B6-449B-94A6-9794A27BCB33}"
EndProject
Project("{FAE04EC0-301F-11D3-BF4B-00C04F79EFBC}") = "HISFC.Components.OutpatientFee", "..\..\..\HISFC\Src\HISFC.Components\OutpatientFee\HISFC.Components.OutpatientFee.csproj", "{821FE8C5-7F6C-475E-B578-8610C093E367}"
EndProject
Project("{FAE04EC0-301F-11D3-BF4B-00C04F79EFBC}") = "HISFC.Components.Common", "..\..\..\HISFC\Src\HISFC.Components\Common\HISFC.Components.Common.csproj", "{B04F0EE8-D053-431D-A06C-74054442D97D}"
EndProject
Global
	GlobalSection(SolutionConfigurationPlatforms) = preSolution
		Debug|Any CPU = Debug|Any CPU
		Release|Any CPU = Release|Any CPU
	EndGlobalSection
	GlobalSection(ProjectConfigurationPlatforms) = postSolution
		{4A0950B4-54B6-449B-94A6-9794A27BCB33}.Debug|Any CPU.ActiveCfg = Debug|Any CPU
		{4A0950B4-54B6-449B-94A6-9794A27BCB33}.Debug|Any CPU.Build.0 = Debug|Any CPU
		{4A0950B4-54B6-449B-94A6-9794A27BCB33}.Release|Any CPU.ActiveCfg = Release|Any CPU
		{4A0950B4-54B6-449B-94A6-9794A27BCB33}.Release|Any CPU.Build.0 = Release|Any CPU
		{821FE8C5-7F6C-475E-B578-8610C093E367}.Debug|Any CPU.ActiveCfg = Debug|Any CPU
		{821FE8C5-7F6C-475E-B578-8610C093E367}.Debug|Any CPU.Build.0 = Debug|Any CPU
		{821FE8C5-7F6C-475E-B578-8610C093E367}.Release|Any CPU.ActiveCfg = Release|Any CPU
		{821FE8C5-7F6C-475E-B578-8610C093E367}.Release|Any CPU.Build.0 = Release|Any CPU
		{B04F0EE8-D053-431D-A06C-74054442D97D}.Debug|Any CPU.ActiveCfg = Debug|Any CPU
		{B04F0EE8-D053-431D-A06C-74054442D97D}.Debug|Any CPU.Build.0 = Debug|Any CPU
		{B04F0EE8-D053-431D-A06C-74054442D97D}.Release|Any CPU.ActiveCfg = Release|Any CPU
		{B04F0EE8-D053-431D-A06C-74054442D97D}.Release|Any CPU.Build.0 = Release|Any CPU
	EndGlobalSection
	GlobalSection(SolutionProperties) = preSolution
		HideSolutionNode = FALSE
	EndGlobalSection
	GlobalSection(ExtensibilityGlobals) = postSolution
		SolutionGuid = {91B18AB7-D0E6-4D7C-9158-19B543F951FA}
	EndGlobalSection
EndGlobal
