
Microsoft Visual Studio Solution File, Format Version 10.00
# Visual Studio 2008
Project("{FAE04EC0-301F-11D3-BF4B-00C04F79EFBC}") = "SOC.Local.DrugStore", "SOC.Local.DrugStore\SOC.Local.DrugStore.csproj", "{369ED7F9-AE40-4D25-A0EA-D9DBE98C6E2B}"
EndProject
Project("{FAE04EC0-301F-11D3-BF4B-00C04F79EFBC}") = "SOC.Local.DrugStore.ZhuHai", "SOC.Local.DrugStore.ZhuHai\SOC.Local.DrugStore.ZhuHai.csproj", "{F6E82817-8903-4051-B181-B7835BD1AB6B}"
EndProject
Project("{FAE04EC0-301F-11D3-BF4B-00C04F79EFBC}") = "SOC.Local.Pharmacy", "SOC.Local.Pharmacy\SOC.Local.Pharmacy.csproj", "{EEB606CD-F2CC-4108-968C-3647EC2FCBFD}"
EndProject
Project("{FAE04EC0-301F-11D3-BF4B-00C04F79EFBC}") = "SOC.Local.Order.ZhuHai", "SOC.Local.Order.ZhuHai\SOC.Local.Order.ZhuHai.csproj", "{39DF705D-BAD3-47B9-AA90-AA30BBF925D5}"
EndProject
Project("{FAE04EC0-301F-11D3-BF4B-00C04F79EFBC}") = "SOC.Local.Order.OutPatientOrder", "SOC.Local.Order.OutPatientOrder\SOC.Local.Order.OutPatientOrder.csproj", "{32C3B8A1-9A5F-428F-A4A3-2374B795688D}"
EndProject
Project("{FAE04EC0-301F-11D3-BF4B-00C04F79EFBC}") = "SOC.Local.RADT.ZhuHai", "SOC.Local.RADT.ZhuHai\SOC.Local.RADT.ZhuHai.csproj", "{93875ADC-AF3A-4C5D-B7C6-A6C7E8AF661B}"
EndProject
Project("{FAE04EC0-301F-11D3-BF4B-00C04F79EFBC}") = "SOC.Local.Assign.ShenZhen", "SOC.Local.Assign.ShenZhen\SOC.Local.Assign.ShenZhen.csproj", "{B15EF79B-A10B-4603-AD62-01E7B0451985}"
EndProject
Project("{FAE04EC0-301F-11D3-BF4B-00C04F79EFBC}") = "SOC.Local.OutpatientFee.GuangZhou", "SOC.Local.OutpatientFee.GuangZhou\SOC.Local.OutpatientFee.GuangZhou.csproj", "{87F4A865-7AE1-434B-A5DA-3CA9DF9F6EC3}"
EndProject
Project("{FAE04EC0-301F-11D3-BF4B-00C04F79EFBC}") = "SOC.Local.Account", "SOC.Local.Account\SOC.Local.Account.csproj", "{23382C7B-FD8B-4CAF-8F98-8BE2BE07EC91}"
EndProject
Project("{FAE04EC0-301F-11D3-BF4B-00C04F79EFBC}") = "SOC.Local.Account.GuangZhou", "SOC.Local.Account.GuangZhou\SOC.Local.Account.GuangZhou.csproj", "{DE3A6D19-C7F0-4552-8552-0FE64788DE8C}"
EndProject
Project("{FAE04EC0-301F-11D3-BF4B-00C04F79EFBC}") = "SOC.Local.Account.ZhuHai", "SOC.Local.Account.ZhuHai\SOC.Local.Account.ZhuHai.csproj", "{73CBE2AA-3A80-4A3A-AC0B-038B146FF762}"
EndProject
Project("{FAE04EC0-301F-11D3-BF4B-00C04F79EFBC}") = "SOC.Local.API", "SOC.Local.API\SOC.Local.API.csproj", "{E5AE0D96-304C-4DD6-8E5B-7C81B6DD15E7}"
EndProject
Project("{FAE04EC0-301F-11D3-BF4B-00C04F79EFBC}") = "SOC.Local.Assign.ZhuHai", "SOC.Local.Assign.ZhuHai\SOC.Local.Assign.ZhuHai.csproj", "{6B84E87B-D503-4894-9100-350AA91D3A1E}"
EndProject
Project("{FAE04EC0-301F-11D3-BF4B-00C04F79EFBC}") = "SOC.Local.CallQueue", "SOC.Local.CallQueue\SOC.Local.CallQueue.csproj", "{48FE5DA0-E417-4CE1-9D1F-A81DA978698A}"
EndProject
Project("{FAE04EC0-301F-11D3-BF4B-00C04F79EFBC}") = "SOC.Local.CallQueue.ShenZhen", "SOC.Local.CallQueue.ShenZhen\SOC.Local.CallQueue.ShenZhen.csproj", "{30C53623-69EB-401E-B7C3-8EABBE873853}"
EndProject
Project("{FAE04EC0-301F-11D3-BF4B-00C04F79EFBC}") = "SOC.Local.CallQueue.ZhuHai", "SOC.Local.CallQueue.ZhuHai\SOC.Local.CallQueue.ZhuHai.csproj", "{865C546D-BE06-42D3-8773-01FBFCF33A7E}"
EndProject
Project("{FAE04EC0-301F-11D3-BF4B-00C04F79EFBC}") = "SOC.Local.DrugStore.GuangZhou", "SOC.Local.DrugStore.GuangZhou\SOC.Local.DrugStore.GuangZhou.csproj", "{057A6419-8C11-42F3-B522-371BD9B837A9}"
EndProject
Project("{FAE04EC0-301F-11D3-BF4B-00C04F79EFBC}") = "SOC.Local.DrugStore.ShenZhen", "SOC.Local.DrugStore.ShenZhen\SOC.Local.DrugStore.ShenZhen.csproj", "{49F638D3-DEC0-449C-9237-8CCE16AA724F}"
EndProject
Project("{FAE04EC0-301F-11D3-BF4B-00C04F79EFBC}") = "SOC.Local.EMR", "SOC.Local.EMR\SOC.Local.EMR.csproj", "{56973B04-5A1C-4E33-861E-2C73F1191703}"
EndProject
Project("{FAE04EC0-301F-11D3-BF4B-00C04F79EFBC}") = "SOC.Local.EvaluationSystemInterface", "SOC.Local.EvaluationSystemInterface\SOC.Local.EvaluationSystemInterface.csproj", "{77452BB1-C8D8-4FD3-BE3C-01A0CC8C38BF}"
EndProject
Project("{FAE04EC0-301F-11D3-BF4B-00C04F79EFBC}") = "SOC.Local.Gyzl.AppointPlatForm", "SOC.Local.Gyzl.AppointPlatForm\SOC.Local.Gyzl.AppointPlatForm\SOC.Local.Gyzl.AppointPlatForm.csproj", "{D7CAA4AD-E61E-46BE-90AA-BEE437149B93}"
EndProject
Project("{FAE04EC0-301F-11D3-BF4B-00C04F79EFBC}") = "SOC.Local.GYZL.PubReport", "SOC.Local.GYZL.PubReport\SOC.Local.GYZL.PubReport.csproj", "{2498BCDE-B06E-4134-B047-45842B2AD005}"
EndProject
Project("{FAE04EC0-301F-11D3-BF4B-00C04F79EFBC}") = "SOC.Local.HISWebService.GuangZhou", "SOC.Local.HISWebService.GuangZhou\SOC.Local.HISWebService.GuangZhou.csproj", "{E9F98465-9DF2-44F9-B862-B6E99A79B0F6}"
EndProject
Project("{FAE04EC0-301F-11D3-BF4B-00C04F79EFBC}") = "SOC.Local.HISWebService.PE", "SOC.Local.HISWebService.PE\SOC.Local.HISWebService.PE.csproj", "{7D6D1A09-FC3C-436B-B02E-C80B17840815}"
EndProject
Project("{FAE04EC0-301F-11D3-BF4B-00C04F79EFBC}") = "SOC.Local.HISWebServicePivas", "SOC.Local.HISWebServicePivas\SOC.Local.HISWebServicePivas.csproj", "{44178394-7995-4BB9-ABB5-D8EF43525FA2}"
EndProject
Project("{FAE04EC0-301F-11D3-BF4B-00C04F79EFBC}") = "SOC.Local.InpatientFee", "SOC.Local.InpatientFee\SOC.Local.InpatientFee.csproj", "{CBC006A1-24F1-4996-AFC9-D358270E1CD5}"
EndProject
Project("{FAE04EC0-301F-11D3-BF4B-00C04F79EFBC}") = "SOC.Local.InpatientFee.HeYuan", "SOC.Local.InpatientFee.HeYuan\SOC.Local.InpatientFee.HeYuan.csproj", "{46A6B16B-29C1-4D61-8CBC-8E921994BDE1}"
EndProject
Project("{FAE04EC0-301F-11D3-BF4B-00C04F79EFBC}") = "SOC.Local.InpatientFee.ShenZhen", "SOC.Local.InpatientFee.ShenZhen\SOC.Local.InpatientFee.ShenZhen.csproj", "{3372AC8B-8F02-4B2D-8A3B-82822A26D1C7}"
EndProject
Project("{FAE04EC0-301F-11D3-BF4B-00C04F79EFBC}") = "SOC.Local.InpatientFee.ZhuHai", "SOC.Local.InpatientFee.ZhuHai\SOC.Local.InpatientFee.ZhuHai.csproj", "{5C249C91-33A0-4758-B2A8-4AAC2458BFC7}"
EndProject
Project("{FAE04EC0-301F-11D3-BF4B-00C04F79EFBC}") = "SOC.Local.LisInterface", "SOC.Local.LisInterface\SOC.Local.LisInterface.csproj", "{D5A64121-9478-4DD3-A49F-5D2C431FC11E}"
EndProject
Project("{FAE04EC0-301F-11D3-BF4B-00C04F79EFBC}") = "SOC.Local.RADT.GuangZhou", "SOC.Local.RADT.GuangZhou\SOC.Local.RADT.GuangZhou.csproj", "{943A2B07-CA69-47BA-A385-ABC682F2F5B4}"
EndProject
Project("{FAE04EC0-301F-11D3-BF4B-00C04F79EFBC}") = "SOC.Local.PubReport", "SOC.Local.PubReport\SOC.Local.PubReport.csproj", "{6800FB2A-990D-497F-B73D-529F90FDFA5A}"
EndProject
Project("{FAE04EC0-301F-11D3-BF4B-00C04F79EFBC}") = "MaterialPrint", "SOC.Local.Material\MaterialPrint\MaterialPrint\MaterialPrint.csproj", "{DF53A994-B8B3-43FB-979C-F65C3887E2F5}"
EndProject
Project("{FAE04EC0-301F-11D3-BF4B-00C04F79EFBC}") = "SOC.Local.Material", "SOC.Local.Material\SOC.Local.Material\SOC.Local.Material.csproj", "{76B47100-A636-4123-874C-EF700FEB7D85}"
EndProject
Project("{FAE04EC0-301F-11D3-BF4B-00C04F79EFBC}") = "SOC.Local.Nurse", "SOC.Local.Nurse\SOC.Local.Nurse.csproj", "{C44EE28A-005C-4888-B991-05B436EF1651}"
EndProject
Project("{FAE04EC0-301F-11D3-BF4B-00C04F79EFBC}") = "SOC.Local.Nurse.GuangZhou", "SOC.Local.Nurse.GuangZhou\SOC.Local.Nurse.GuangZhou.csproj", "{8CF12C36-A9DA-44E7-98E4-FD1260A0D8B8}"
EndProject
Project("{FAE04EC0-301F-11D3-BF4B-00C04F79EFBC}") = "SOC.Local.Nurse.ZhuHai", "SOC.Local.Nurse.ZhuHai\SOC.Local.Nurse.ZhuHai.csproj", "{24E89FA6-61A6-4862-AEAA-0225ADD2D04C}"
EndProject
Project("{FAE04EC0-301F-11D3-BF4B-00C04F79EFBC}") = "SOC.Local.NurseWorkStation", "SOC.Local.NurseWorkStation\SOC.Local.NurseWorkStation.csproj", "{538A6399-6450-4CF0-B09F-3533C6022290}"
EndProject
Project("{FAE04EC0-301F-11D3-BF4B-00C04F79EFBC}") = "SOC.Local.Operation", "SOC.Local.Operation\SOC.Local.Operation.csproj", "{D8232755-399E-413F-9A60-73E32FA2C1F6}"
EndProject
Project("{FAE04EC0-301F-11D3-BF4B-00C04F79EFBC}") = "SOC.Local.Order", "SOC.Local.Order\SOC.Local.Order.csproj", "{A353A05D-748D-45EE-BE89-1F022F5BCD09}"
EndProject
Project("{FAE04EC0-301F-11D3-BF4B-00C04F79EFBC}") = "SOC.Local.Order.GuangZhou", "SOC.Local.Order.GuangZhou\SOC.Local.Order.GuangZhou.csproj", "{E8CD2E1D-7C7B-450F-8253-9ABFBEA33DB4}"
EndProject
Project("{FAE04EC0-301F-11D3-BF4B-00C04F79EFBC}") = "SOC.Local.Order.HeYuan", "SOC.Local.Order.HeYuan\SOC.Local.Order.HeYuan.csproj", "{877BDE14-CB56-4DA5-95C8-53D788851DCB}"
EndProject
Project("{FAE04EC0-301F-11D3-BF4B-00C04F79EFBC}") = "SOC.Local.InPatientOrder.GuangZhou", "SOC.Local.Order.GuangZhou\SOC.Local.InPatientOrder.GuangZhou.csproj", "{00419E56-FBF9-4A05-B80A-17FAADB801BF}"
EndProject
Project("{FAE04EC0-301F-11D3-BF4B-00C04F79EFBC}") = "SOC.Local.OutpatientFee", "SOC.Local.OutpatientFee\SOC.Local.OutpatientFee.csproj", "{5B132C08-52F6-44F8-B810-91EFCF749D4F}"
EndProject
Project("{FAE04EC0-301F-11D3-BF4B-00C04F79EFBC}") = "SOC.Local.OutpatientFee.HeYuan", "SOC.Local.OutpatientFee.HeYuan\SOC.Local.OutpatientFee.HeYuan.csproj", "{AB01FCD5-31B7-4C7A-8CFB-AFC92AEE636C}"
EndProject
Project("{FAE04EC0-301F-11D3-BF4B-00C04F79EFBC}") = "SOC.Local.OutpatientFee.ShenZhen", "SOC.Local.OutpatientFee.ShenZhen\SOC.Local.OutpatientFee.ShenZhen.csproj", "{B28E6076-92B6-4DB6-9375-863C3B1B2248}"
EndProject
Project("{FAE04EC0-301F-11D3-BF4B-00C04F79EFBC}") = "SOC.Local.OutpatientFee.ZhuHai", "SOC.Local.OutpatientFee.ZhuHai\SOC.Local.OutpatientFee.ZhuHai.csproj", "{68FF276F-C5B6-4D4C-9A22-46AB8B556794}"
EndProject
Project("{FAE04EC0-301F-11D3-BF4B-00C04F79EFBC}") = "SOC.Local.PacsApply", "SOC.Local.PacsApply\SOC.Local.PacsApply.csproj", "{A35A19AC-B651-4E47-9632-01022BFCE853}"
EndProject
Project("{FAE04EC0-301F-11D3-BF4B-00C04F79EFBC}") = "SOC.Local.PacsInterface", "SOC.Local.PacsInterface\SOC.Local.PacsInterface.csproj", "{E841129A-CFEE-4B09-B16D-ABDF5CE66192}"
EndProject
Project("{FAE04EC0-301F-11D3-BF4B-00C04F79EFBC}") = "SOC.Local.Pharmacy.ShenZhen", "SOC.Local.Pharmacy.ShenZhen\SOC.Local.Pharmacy.ShenZhen.csproj", "{9E7AD5C8-1B49-442F-B1D9-3DC6317ABD31}"
EndProject
Project("{FAE04EC0-301F-11D3-BF4B-00C04F79EFBC}") = "SOC.Local.Pharmacy.ZhuHai", "SOC.Local.Pharmacy.ZhuHai\SOC.Local.Pharmacy.ZhuHai.csproj", "{93947DB0-E314-468F-8A0F-4B0029C2E3D7}"
EndProject
Project("{FAE04EC0-301F-11D3-BF4B-00C04F79EFBC}") = "SOC.Local.Printer", "SOC.Local.Printer\SOC.Local.Printer.csproj", "{2E1F6957-E228-4208-B028-A50158299F64}"
EndProject
Project("{FAE04EC0-301F-11D3-BF4B-00C04F79EFBC}") = "SOC.Local.RADT", "SOC.Local.RADT\SOC.Local.RADT.csproj", "{B27B8F14-F159-4FC0-A18E-6EDFE119F52F}"
EndProject
Project("{FAE04EC0-301F-11D3-BF4B-00C04F79EFBC}") = "SOC.Local.Registration", "SOC.Local.Registration\SOC.Local.Registration.csproj", "{64B0687A-9F07-4C77-A8E0-4ADD4668C93B}"
EndProject
Project("{FAE04EC0-301F-11D3-BF4B-00C04F79EFBC}") = "SOC.Local.Registration.GuangZhou", "SOC.Local.Registration.GuangZhou\SOC.Local.Registration.GuangZhou.csproj", "{48BB22C1-D4B3-4B3A-8B37-A8A0BE90D991}"
EndProject
Project("{FAE04EC0-301F-11D3-BF4B-00C04F79EFBC}") = "SOC.Local.Registration.HeYuan", "SOC.Local.Registration.HeYuan\SOC.Local.Registration.HeYuan.csproj", "{FB340A16-41E8-41F1-B6CB-291A5E18BA0D}"
EndProject
Project("{FAE04EC0-301F-11D3-BF4B-00C04F79EFBC}") = "SOC.Local.Registration.ShenZhen", "SOC.Local.Registration.ShenZhen\SOC.Local.Registration.ShenZhen.csproj", "{0AC3BA60-405D-44D2-9AA3-051790A8413C}"
EndProject
Project("{FAE04EC0-301F-11D3-BF4B-00C04F79EFBC}") = "SOC.Local.Registration.ZhuHai", "SOC.Local.Registration.ZhuHai\SOC.Local.Registration.ZhuHai.csproj", "{84E58999-9466-43A9-8261-CCCAC20C6C9F}"
EndProject
Project("{FAE04EC0-301F-11D3-BF4B-00C04F79EFBC}") = "SOC.Local.ZDLY.PubReport", "SOC.Local.ZDLY.PubReport\SOC.Local.ZDLY.PubReport.csproj", "{710E1665-FB47-4844-BEFF-06FED5B6D11B}"
EndProject
Global
	GlobalSection(SolutionConfigurationPlatforms) = preSolution
		Debug|Any CPU = Debug|Any CPU
		Release|Any CPU = Release|Any CPU
	EndGlobalSection
	GlobalSection(ProjectConfigurationPlatforms) = postSolution
		{369ED7F9-AE40-4D25-A0EA-D9DBE98C6E2B}.Debug|Any CPU.ActiveCfg = Debug|Any CPU
		{369ED7F9-AE40-4D25-A0EA-D9DBE98C6E2B}.Debug|Any CPU.Build.0 = Debug|Any CPU
		{369ED7F9-AE40-4D25-A0EA-D9DBE98C6E2B}.Release|Any CPU.ActiveCfg = Release|Any CPU
		{369ED7F9-AE40-4D25-A0EA-D9DBE98C6E2B}.Release|Any CPU.Build.0 = Release|Any CPU
		{F6E82817-8903-4051-B181-B7835BD1AB6B}.Debug|Any CPU.ActiveCfg = Debug|Any CPU
		{F6E82817-8903-4051-B181-B7835BD1AB6B}.Debug|Any CPU.Build.0 = Debug|Any CPU
		{F6E82817-8903-4051-B181-B7835BD1AB6B}.Release|Any CPU.ActiveCfg = Release|Any CPU
		{F6E82817-8903-4051-B181-B7835BD1AB6B}.Release|Any CPU.Build.0 = Release|Any CPU
		{EEB606CD-F2CC-4108-968C-3647EC2FCBFD}.Debug|Any CPU.ActiveCfg = Debug|Any CPU
		{EEB606CD-F2CC-4108-968C-3647EC2FCBFD}.Debug|Any CPU.Build.0 = Debug|Any CPU
		{EEB606CD-F2CC-4108-968C-3647EC2FCBFD}.Release|Any CPU.ActiveCfg = Release|Any CPU
		{EEB606CD-F2CC-4108-968C-3647EC2FCBFD}.Release|Any CPU.Build.0 = Release|Any CPU
		{39DF705D-BAD3-47B9-AA90-AA30BBF925D5}.Debug|Any CPU.ActiveCfg = Debug|Any CPU
		{39DF705D-BAD3-47B9-AA90-AA30BBF925D5}.Debug|Any CPU.Build.0 = Debug|Any CPU
		{39DF705D-BAD3-47B9-AA90-AA30BBF925D5}.Release|Any CPU.ActiveCfg = Release|Any CPU
		{39DF705D-BAD3-47B9-AA90-AA30BBF925D5}.Release|Any CPU.Build.0 = Release|Any CPU
		{32C3B8A1-9A5F-428F-A4A3-2374B795688D}.Debug|Any CPU.ActiveCfg = Debug|Any CPU
		{32C3B8A1-9A5F-428F-A4A3-2374B795688D}.Debug|Any CPU.Build.0 = Debug|Any CPU
		{32C3B8A1-9A5F-428F-A4A3-2374B795688D}.Release|Any CPU.ActiveCfg = Release|Any CPU
		{32C3B8A1-9A5F-428F-A4A3-2374B795688D}.Release|Any CPU.Build.0 = Release|Any CPU
		{93875ADC-AF3A-4C5D-B7C6-A6C7E8AF661B}.Debug|Any CPU.ActiveCfg = Debug|Any CPU
		{93875ADC-AF3A-4C5D-B7C6-A6C7E8AF661B}.Debug|Any CPU.Build.0 = Debug|Any CPU
		{93875ADC-AF3A-4C5D-B7C6-A6C7E8AF661B}.Release|Any CPU.ActiveCfg = Release|Any CPU
		{93875ADC-AF3A-4C5D-B7C6-A6C7E8AF661B}.Release|Any CPU.Build.0 = Release|Any CPU
		{B15EF79B-A10B-4603-AD62-01E7B0451985}.Debug|Any CPU.ActiveCfg = Debug|Any CPU
		{B15EF79B-A10B-4603-AD62-01E7B0451985}.Debug|Any CPU.Build.0 = Debug|Any CPU
		{B15EF79B-A10B-4603-AD62-01E7B0451985}.Release|Any CPU.ActiveCfg = Release|Any CPU
		{B15EF79B-A10B-4603-AD62-01E7B0451985}.Release|Any CPU.Build.0 = Release|Any CPU
		{87F4A865-7AE1-434B-A5DA-3CA9DF9F6EC3}.Debug|Any CPU.ActiveCfg = Debug|Any CPU
		{87F4A865-7AE1-434B-A5DA-3CA9DF9F6EC3}.Debug|Any CPU.Build.0 = Debug|Any CPU
		{87F4A865-7AE1-434B-A5DA-3CA9DF9F6EC3}.Release|Any CPU.ActiveCfg = Release|Any CPU
		{87F4A865-7AE1-434B-A5DA-3CA9DF9F6EC3}.Release|Any CPU.Build.0 = Release|Any CPU
		{23382C7B-FD8B-4CAF-8F98-8BE2BE07EC91}.Debug|Any CPU.ActiveCfg = Debug|Any CPU
		{23382C7B-FD8B-4CAF-8F98-8BE2BE07EC91}.Debug|Any CPU.Build.0 = Debug|Any CPU
		{23382C7B-FD8B-4CAF-8F98-8BE2BE07EC91}.Release|Any CPU.ActiveCfg = Release|Any CPU
		{23382C7B-FD8B-4CAF-8F98-8BE2BE07EC91}.Release|Any CPU.Build.0 = Release|Any CPU
		{DE3A6D19-C7F0-4552-8552-0FE64788DE8C}.Debug|Any CPU.ActiveCfg = Debug|Any CPU
		{DE3A6D19-C7F0-4552-8552-0FE64788DE8C}.Debug|Any CPU.Build.0 = Debug|Any CPU
		{DE3A6D19-C7F0-4552-8552-0FE64788DE8C}.Release|Any CPU.ActiveCfg = Release|Any CPU
		{DE3A6D19-C7F0-4552-8552-0FE64788DE8C}.Release|Any CPU.Build.0 = Release|Any CPU
		{73CBE2AA-3A80-4A3A-AC0B-038B146FF762}.Debug|Any CPU.ActiveCfg = Debug|Any CPU
		{73CBE2AA-3A80-4A3A-AC0B-038B146FF762}.Debug|Any CPU.Build.0 = Debug|Any CPU
		{73CBE2AA-3A80-4A3A-AC0B-038B146FF762}.Release|Any CPU.ActiveCfg = Release|Any CPU
		{73CBE2AA-3A80-4A3A-AC0B-038B146FF762}.Release|Any CPU.Build.0 = Release|Any CPU
		{E5AE0D96-304C-4DD6-8E5B-7C81B6DD15E7}.Debug|Any CPU.ActiveCfg = Debug|Any CPU
		{E5AE0D96-304C-4DD6-8E5B-7C81B6DD15E7}.Debug|Any CPU.Build.0 = Debug|Any CPU
		{E5AE0D96-304C-4DD6-8E5B-7C81B6DD15E7}.Release|Any CPU.ActiveCfg = Release|Any CPU
		{E5AE0D96-304C-4DD6-8E5B-7C81B6DD15E7}.Release|Any CPU.Build.0 = Release|Any CPU
		{6B84E87B-D503-4894-9100-350AA91D3A1E}.Debug|Any CPU.ActiveCfg = Debug|Any CPU
		{6B84E87B-D503-4894-9100-350AA91D3A1E}.Debug|Any CPU.Build.0 = Debug|Any CPU
		{6B84E87B-D503-4894-9100-350AA91D3A1E}.Release|Any CPU.ActiveCfg = Release|Any CPU
		{6B84E87B-D503-4894-9100-350AA91D3A1E}.Release|Any CPU.Build.0 = Release|Any CPU
		{48FE5DA0-E417-4CE1-9D1F-A81DA978698A}.Debug|Any CPU.ActiveCfg = Debug|Any CPU
		{48FE5DA0-E417-4CE1-9D1F-A81DA978698A}.Debug|Any CPU.Build.0 = Debug|Any CPU
		{48FE5DA0-E417-4CE1-9D1F-A81DA978698A}.Release|Any CPU.ActiveCfg = Release|Any CPU
		{48FE5DA0-E417-4CE1-9D1F-A81DA978698A}.Release|Any CPU.Build.0 = Release|Any CPU
		{30C53623-69EB-401E-B7C3-8EABBE873853}.Debug|Any CPU.ActiveCfg = Debug|Any CPU
		{30C53623-69EB-401E-B7C3-8EABBE873853}.Debug|Any CPU.Build.0 = Debug|Any CPU
		{30C53623-69EB-401E-B7C3-8EABBE873853}.Release|Any CPU.ActiveCfg = Release|Any CPU
		{30C53623-69EB-401E-B7C3-8EABBE873853}.Release|Any CPU.Build.0 = Release|Any CPU
		{865C546D-BE06-42D3-8773-01FBFCF33A7E}.Debug|Any CPU.ActiveCfg = Debug|Any CPU
		{865C546D-BE06-42D3-8773-01FBFCF33A7E}.Debug|Any CPU.Build.0 = Debug|Any CPU
		{865C546D-BE06-42D3-8773-01FBFCF33A7E}.Release|Any CPU.ActiveCfg = Release|Any CPU
		{865C546D-BE06-42D3-8773-01FBFCF33A7E}.Release|Any CPU.Build.0 = Release|Any CPU
		{057A6419-8C11-42F3-B522-371BD9B837A9}.Debug|Any CPU.ActiveCfg = Debug|Any CPU
		{057A6419-8C11-42F3-B522-371BD9B837A9}.Debug|Any CPU.Build.0 = Debug|Any CPU
		{057A6419-8C11-42F3-B522-371BD9B837A9}.Release|Any CPU.ActiveCfg = Release|Any CPU
		{057A6419-8C11-42F3-B522-371BD9B837A9}.Release|Any CPU.Build.0 = Release|Any CPU
		{49F638D3-DEC0-449C-9237-8CCE16AA724F}.Debug|Any CPU.ActiveCfg = Debug|Any CPU
		{49F638D3-DEC0-449C-9237-8CCE16AA724F}.Debug|Any CPU.Build.0 = Debug|Any CPU
		{49F638D3-DEC0-449C-9237-8CCE16AA724F}.Release|Any CPU.ActiveCfg = Release|Any CPU
		{49F638D3-DEC0-449C-9237-8CCE16AA724F}.Release|Any CPU.Build.0 = Release|Any CPU
		{56973B04-5A1C-4E33-861E-2C73F1191703}.Debug|Any CPU.ActiveCfg = Debug|Any CPU
		{56973B04-5A1C-4E33-861E-2C73F1191703}.Debug|Any CPU.Build.0 = Debug|Any CPU
		{56973B04-5A1C-4E33-861E-2C73F1191703}.Release|Any CPU.ActiveCfg = Release|Any CPU
		{56973B04-5A1C-4E33-861E-2C73F1191703}.Release|Any CPU.Build.0 = Release|Any CPU
		{77452BB1-C8D8-4FD3-BE3C-01A0CC8C38BF}.Debug|Any CPU.ActiveCfg = Debug|Any CPU
		{77452BB1-C8D8-4FD3-BE3C-01A0CC8C38BF}.Debug|Any CPU.Build.0 = Debug|Any CPU
		{77452BB1-C8D8-4FD3-BE3C-01A0CC8C38BF}.Release|Any CPU.ActiveCfg = Release|Any CPU
		{77452BB1-C8D8-4FD3-BE3C-01A0CC8C38BF}.Release|Any CPU.Build.0 = Release|Any CPU
		{D7CAA4AD-E61E-46BE-90AA-BEE437149B93}.Debug|Any CPU.ActiveCfg = Debug|Any CPU
		{D7CAA4AD-E61E-46BE-90AA-BEE437149B93}.Debug|Any CPU.Build.0 = Debug|Any CPU
		{D7CAA4AD-E61E-46BE-90AA-BEE437149B93}.Release|Any CPU.ActiveCfg = Release|Any CPU
		{D7CAA4AD-E61E-46BE-90AA-BEE437149B93}.Release|Any CPU.Build.0 = Release|Any CPU
		{2498BCDE-B06E-4134-B047-45842B2AD005}.Debug|Any CPU.ActiveCfg = Debug|Any CPU
		{2498BCDE-B06E-4134-B047-45842B2AD005}.Debug|Any CPU.Build.0 = Debug|Any CPU
		{2498BCDE-B06E-4134-B047-45842B2AD005}.Release|Any CPU.ActiveCfg = Release|Any CPU
		{2498BCDE-B06E-4134-B047-45842B2AD005}.Release|Any CPU.Build.0 = Release|Any CPU
		{E9F98465-9DF2-44F9-B862-B6E99A79B0F6}.Debug|Any CPU.ActiveCfg = Debug|Any CPU
		{E9F98465-9DF2-44F9-B862-B6E99A79B0F6}.Debug|Any CPU.Build.0 = Debug|Any CPU
		{E9F98465-9DF2-44F9-B862-B6E99A79B0F6}.Release|Any CPU.ActiveCfg = Release|Any CPU
		{E9F98465-9DF2-44F9-B862-B6E99A79B0F6}.Release|Any CPU.Build.0 = Release|Any CPU
		{7D6D1A09-FC3C-436B-B02E-C80B17840815}.Debug|Any CPU.ActiveCfg = Debug|Any CPU
		{7D6D1A09-FC3C-436B-B02E-C80B17840815}.Debug|Any CPU.Build.0 = Debug|Any CPU
		{7D6D1A09-FC3C-436B-B02E-C80B17840815}.Release|Any CPU.ActiveCfg = Release|Any CPU
		{7D6D1A09-FC3C-436B-B02E-C80B17840815}.Release|Any CPU.Build.0 = Release|Any CPU
		{44178394-7995-4BB9-ABB5-D8EF43525FA2}.Debug|Any CPU.ActiveCfg = Debug|Any CPU
		{44178394-7995-4BB9-ABB5-D8EF43525FA2}.Debug|Any CPU.Build.0 = Debug|Any CPU
		{44178394-7995-4BB9-ABB5-D8EF43525FA2}.Release|Any CPU.ActiveCfg = Release|Any CPU
		{44178394-7995-4BB9-ABB5-D8EF43525FA2}.Release|Any CPU.Build.0 = Release|Any CPU
		{CBC006A1-24F1-4996-AFC9-D358270E1CD5}.Debug|Any CPU.ActiveCfg = Debug|Any CPU
		{CBC006A1-24F1-4996-AFC9-D358270E1CD5}.Debug|Any CPU.Build.0 = Debug|Any CPU
		{CBC006A1-24F1-4996-AFC9-D358270E1CD5}.Release|Any CPU.ActiveCfg = Release|Any CPU
		{CBC006A1-24F1-4996-AFC9-D358270E1CD5}.Release|Any CPU.Build.0 = Release|Any CPU
		{46A6B16B-29C1-4D61-8CBC-8E921994BDE1}.Debug|Any CPU.ActiveCfg = Debug|Any CPU
		{46A6B16B-29C1-4D61-8CBC-8E921994BDE1}.Debug|Any CPU.Build.0 = Debug|Any CPU
		{46A6B16B-29C1-4D61-8CBC-8E921994BDE1}.Release|Any CPU.ActiveCfg = Release|Any CPU
		{46A6B16B-29C1-4D61-8CBC-8E921994BDE1}.Release|Any CPU.Build.0 = Release|Any CPU
		{3372AC8B-8F02-4B2D-8A3B-82822A26D1C7}.Debug|Any CPU.ActiveCfg = Debug|Any CPU
		{3372AC8B-8F02-4B2D-8A3B-82822A26D1C7}.Debug|Any CPU.Build.0 = Debug|Any CPU
		{3372AC8B-8F02-4B2D-8A3B-82822A26D1C7}.Release|Any CPU.ActiveCfg = Release|Any CPU
		{3372AC8B-8F02-4B2D-8A3B-82822A26D1C7}.Release|Any CPU.Build.0 = Release|Any CPU
		{5C249C91-33A0-4758-B2A8-4AAC2458BFC7}.Debug|Any CPU.ActiveCfg = Debug|Any CPU
		{5C249C91-33A0-4758-B2A8-4AAC2458BFC7}.Debug|Any CPU.Build.0 = Debug|Any CPU
		{5C249C91-33A0-4758-B2A8-4AAC2458BFC7}.Release|Any CPU.ActiveCfg = Release|Any CPU
		{5C249C91-33A0-4758-B2A8-4AAC2458BFC7}.Release|Any CPU.Build.0 = Release|Any CPU
		{D5A64121-9478-4DD3-A49F-5D2C431FC11E}.Debug|Any CPU.ActiveCfg = Debug|Any CPU
		{D5A64121-9478-4DD3-A49F-5D2C431FC11E}.Debug|Any CPU.Build.0 = Debug|Any CPU
		{D5A64121-9478-4DD3-A49F-5D2C431FC11E}.Release|Any CPU.ActiveCfg = Release|Any CPU
		{D5A64121-9478-4DD3-A49F-5D2C431FC11E}.Release|Any CPU.Build.0 = Release|Any CPU
		{943A2B07-CA69-47BA-A385-ABC682F2F5B4}.Debug|Any CPU.ActiveCfg = Debug|Any CPU
		{943A2B07-CA69-47BA-A385-ABC682F2F5B4}.Debug|Any CPU.Build.0 = Debug|Any CPU
		{943A2B07-CA69-47BA-A385-ABC682F2F5B4}.Release|Any CPU.ActiveCfg = Release|Any CPU
		{943A2B07-CA69-47BA-A385-ABC682F2F5B4}.Release|Any CPU.Build.0 = Release|Any CPU
		{6800FB2A-990D-497F-B73D-529F90FDFA5A}.Debug|Any CPU.ActiveCfg = Debug|Any CPU
		{6800FB2A-990D-497F-B73D-529F90FDFA5A}.Debug|Any CPU.Build.0 = Debug|Any CPU
		{6800FB2A-990D-497F-B73D-529F90FDFA5A}.Release|Any CPU.ActiveCfg = Release|Any CPU
		{6800FB2A-990D-497F-B73D-529F90FDFA5A}.Release|Any CPU.Build.0 = Release|Any CPU
		{DF53A994-B8B3-43FB-979C-F65C3887E2F5}.Debug|Any CPU.ActiveCfg = Debug|Any CPU
		{DF53A994-B8B3-43FB-979C-F65C3887E2F5}.Debug|Any CPU.Build.0 = Debug|Any CPU
		{DF53A994-B8B3-43FB-979C-F65C3887E2F5}.Release|Any CPU.ActiveCfg = Release|Any CPU
		{DF53A994-B8B3-43FB-979C-F65C3887E2F5}.Release|Any CPU.Build.0 = Release|Any CPU
		{76B47100-A636-4123-874C-EF700FEB7D85}.Debug|Any CPU.ActiveCfg = Debug|Any CPU
		{76B47100-A636-4123-874C-EF700FEB7D85}.Debug|Any CPU.Build.0 = Debug|Any CPU
		{76B47100-A636-4123-874C-EF700FEB7D85}.Release|Any CPU.ActiveCfg = Release|Any CPU
		{76B47100-A636-4123-874C-EF700FEB7D85}.Release|Any CPU.Build.0 = Release|Any CPU
		{C44EE28A-005C-4888-B991-05B436EF1651}.Debug|Any CPU.ActiveCfg = Debug|Any CPU
		{C44EE28A-005C-4888-B991-05B436EF1651}.Debug|Any CPU.Build.0 = Debug|Any CPU
		{C44EE28A-005C-4888-B991-05B436EF1651}.Release|Any CPU.ActiveCfg = Release|Any CPU
		{C44EE28A-005C-4888-B991-05B436EF1651}.Release|Any CPU.Build.0 = Release|Any CPU
		{8CF12C36-A9DA-44E7-98E4-FD1260A0D8B8}.Debug|Any CPU.ActiveCfg = Debug|Any CPU
		{8CF12C36-A9DA-44E7-98E4-FD1260A0D8B8}.Debug|Any CPU.Build.0 = Debug|Any CPU
		{8CF12C36-A9DA-44E7-98E4-FD1260A0D8B8}.Release|Any CPU.ActiveCfg = Release|Any CPU
		{8CF12C36-A9DA-44E7-98E4-FD1260A0D8B8}.Release|Any CPU.Build.0 = Release|Any CPU
		{24E89FA6-61A6-4862-AEAA-0225ADD2D04C}.Debug|Any CPU.ActiveCfg = Debug|Any CPU
		{24E89FA6-61A6-4862-AEAA-0225ADD2D04C}.Debug|Any CPU.Build.0 = Debug|Any CPU
		{24E89FA6-61A6-4862-AEAA-0225ADD2D04C}.Release|Any CPU.ActiveCfg = Release|Any CPU
		{24E89FA6-61A6-4862-AEAA-0225ADD2D04C}.Release|Any CPU.Build.0 = Release|Any CPU
		{538A6399-6450-4CF0-B09F-3533C6022290}.Debug|Any CPU.ActiveCfg = Debug|Any CPU
		{538A6399-6450-4CF0-B09F-3533C6022290}.Debug|Any CPU.Build.0 = Debug|Any CPU
		{538A6399-6450-4CF0-B09F-3533C6022290}.Release|Any CPU.ActiveCfg = Release|Any CPU
		{538A6399-6450-4CF0-B09F-3533C6022290}.Release|Any CPU.Build.0 = Release|Any CPU
		{D8232755-399E-413F-9A60-73E32FA2C1F6}.Debug|Any CPU.ActiveCfg = Debug|Any CPU
		{D8232755-399E-413F-9A60-73E32FA2C1F6}.Debug|Any CPU.Build.0 = Debug|Any CPU
		{D8232755-399E-413F-9A60-73E32FA2C1F6}.Release|Any CPU.ActiveCfg = Release|Any CPU
		{D8232755-399E-413F-9A60-73E32FA2C1F6}.Release|Any CPU.Build.0 = Release|Any CPU
		{A353A05D-748D-45EE-BE89-1F022F5BCD09}.Debug|Any CPU.ActiveCfg = Debug|Any CPU
		{A353A05D-748D-45EE-BE89-1F022F5BCD09}.Debug|Any CPU.Build.0 = Debug|Any CPU
		{A353A05D-748D-45EE-BE89-1F022F5BCD09}.Release|Any CPU.ActiveCfg = Release|Any CPU
		{A353A05D-748D-45EE-BE89-1F022F5BCD09}.Release|Any CPU.Build.0 = Release|Any CPU
		{E8CD2E1D-7C7B-450F-8253-9ABFBEA33DB4}.Debug|Any CPU.ActiveCfg = Debug|Any CPU
		{E8CD2E1D-7C7B-450F-8253-9ABFBEA33DB4}.Debug|Any CPU.Build.0 = Debug|Any CPU
		{E8CD2E1D-7C7B-450F-8253-9ABFBEA33DB4}.Release|Any CPU.ActiveCfg = Release|Any CPU
		{E8CD2E1D-7C7B-450F-8253-9ABFBEA33DB4}.Release|Any CPU.Build.0 = Release|Any CPU
		{877BDE14-CB56-4DA5-95C8-53D788851DCB}.Debug|Any CPU.ActiveCfg = Debug|Any CPU
		{877BDE14-CB56-4DA5-95C8-53D788851DCB}.Debug|Any CPU.Build.0 = Debug|Any CPU
		{877BDE14-CB56-4DA5-95C8-53D788851DCB}.Release|Any CPU.ActiveCfg = Release|Any CPU
		{877BDE14-CB56-4DA5-95C8-53D788851DCB}.Release|Any CPU.Build.0 = Release|Any CPU
		{00419E56-FBF9-4A05-B80A-17FAADB801BF}.Debug|Any CPU.ActiveCfg = Debug|Any CPU
		{00419E56-FBF9-4A05-B80A-17FAADB801BF}.Debug|Any CPU.Build.0 = Debug|Any CPU
		{00419E56-FBF9-4A05-B80A-17FAADB801BF}.Release|Any CPU.ActiveCfg = Release|Any CPU
		{00419E56-FBF9-4A05-B80A-17FAADB801BF}.Release|Any CPU.Build.0 = Release|Any CPU
		{5B132C08-52F6-44F8-B810-91EFCF749D4F}.Debug|Any CPU.ActiveCfg = Debug|Any CPU
		{5B132C08-52F6-44F8-B810-91EFCF749D4F}.Debug|Any CPU.Build.0 = Debug|Any CPU
		{5B132C08-52F6-44F8-B810-91EFCF749D4F}.Release|Any CPU.ActiveCfg = Release|Any CPU
		{5B132C08-52F6-44F8-B810-91EFCF749D4F}.Release|Any CPU.Build.0 = Release|Any CPU
		{AB01FCD5-31B7-4C7A-8CFB-AFC92AEE636C}.Debug|Any CPU.ActiveCfg = Debug|Any CPU
		{AB01FCD5-31B7-4C7A-8CFB-AFC92AEE636C}.Debug|Any CPU.Build.0 = Debug|Any CPU
		{AB01FCD5-31B7-4C7A-8CFB-AFC92AEE636C}.Release|Any CPU.ActiveCfg = Release|Any CPU
		{AB01FCD5-31B7-4C7A-8CFB-AFC92AEE636C}.Release|Any CPU.Build.0 = Release|Any CPU
		{B28E6076-92B6-4DB6-9375-863C3B1B2248}.Debug|Any CPU.ActiveCfg = Debug|Any CPU
		{B28E6076-92B6-4DB6-9375-863C3B1B2248}.Debug|Any CPU.Build.0 = Debug|Any CPU
		{B28E6076-92B6-4DB6-9375-863C3B1B2248}.Release|Any CPU.ActiveCfg = Release|Any CPU
		{B28E6076-92B6-4DB6-9375-863C3B1B2248}.Release|Any CPU.Build.0 = Release|Any CPU
		{68FF276F-C5B6-4D4C-9A22-46AB8B556794}.Debug|Any CPU.ActiveCfg = Debug|Any CPU
		{68FF276F-C5B6-4D4C-9A22-46AB8B556794}.Debug|Any CPU.Build.0 = Debug|Any CPU
		{68FF276F-C5B6-4D4C-9A22-46AB8B556794}.Release|Any CPU.ActiveCfg = Release|Any CPU
		{68FF276F-C5B6-4D4C-9A22-46AB8B556794}.Release|Any CPU.Build.0 = Release|Any CPU
		{A35A19AC-B651-4E47-9632-01022BFCE853}.Debug|Any CPU.ActiveCfg = Debug|Any CPU
		{A35A19AC-B651-4E47-9632-01022BFCE853}.Debug|Any CPU.Build.0 = Debug|Any CPU
		{A35A19AC-B651-4E47-9632-01022BFCE853}.Release|Any CPU.ActiveCfg = Release|Any CPU
		{A35A19AC-B651-4E47-9632-01022BFCE853}.Release|Any CPU.Build.0 = Release|Any CPU
		{E841129A-CFEE-4B09-B16D-ABDF5CE66192}.Debug|Any CPU.ActiveCfg = Debug|Any CPU
		{E841129A-CFEE-4B09-B16D-ABDF5CE66192}.Debug|Any CPU.Build.0 = Debug|Any CPU
		{E841129A-CFEE-4B09-B16D-ABDF5CE66192}.Release|Any CPU.ActiveCfg = Release|Any CPU
		{E841129A-CFEE-4B09-B16D-ABDF5CE66192}.Release|Any CPU.Build.0 = Release|Any CPU
		{9E7AD5C8-1B49-442F-B1D9-3DC6317ABD31}.Debug|Any CPU.ActiveCfg = Debug|Any CPU
		{9E7AD5C8-1B49-442F-B1D9-3DC6317ABD31}.Debug|Any CPU.Build.0 = Debug|Any CPU
		{9E7AD5C8-1B49-442F-B1D9-3DC6317ABD31}.Release|Any CPU.ActiveCfg = Release|Any CPU
		{9E7AD5C8-1B49-442F-B1D9-3DC6317ABD31}.Release|Any CPU.Build.0 = Release|Any CPU
		{93947DB0-E314-468F-8A0F-4B0029C2E3D7}.Debug|Any CPU.ActiveCfg = Debug|Any CPU
		{93947DB0-E314-468F-8A0F-4B0029C2E3D7}.Debug|Any CPU.Build.0 = Debug|Any CPU
		{93947DB0-E314-468F-8A0F-4B0029C2E3D7}.Release|Any CPU.ActiveCfg = Release|Any CPU
		{93947DB0-E314-468F-8A0F-4B0029C2E3D7}.Release|Any CPU.Build.0 = Release|Any CPU
		{2E1F6957-E228-4208-B028-A50158299F64}.Debug|Any CPU.ActiveCfg = Debug|Any CPU
		{2E1F6957-E228-4208-B028-A50158299F64}.Debug|Any CPU.Build.0 = Debug|Any CPU
		{2E1F6957-E228-4208-B028-A50158299F64}.Release|Any CPU.ActiveCfg = Release|Any CPU
		{2E1F6957-E228-4208-B028-A50158299F64}.Release|Any CPU.Build.0 = Release|Any CPU
		{B27B8F14-F159-4FC0-A18E-6EDFE119F52F}.Debug|Any CPU.ActiveCfg = Debug|Any CPU
		{B27B8F14-F159-4FC0-A18E-6EDFE119F52F}.Debug|Any CPU.Build.0 = Debug|Any CPU
		{B27B8F14-F159-4FC0-A18E-6EDFE119F52F}.Release|Any CPU.ActiveCfg = Release|Any CPU
		{B27B8F14-F159-4FC0-A18E-6EDFE119F52F}.Release|Any CPU.Build.0 = Release|Any CPU
		{64B0687A-9F07-4C77-A8E0-4ADD4668C93B}.Debug|Any CPU.ActiveCfg = Debug|Any CPU
		{64B0687A-9F07-4C77-A8E0-4ADD4668C93B}.Debug|Any CPU.Build.0 = Debug|Any CPU
		{64B0687A-9F07-4C77-A8E0-4ADD4668C93B}.Release|Any CPU.ActiveCfg = Release|Any CPU
		{64B0687A-9F07-4C77-A8E0-4ADD4668C93B}.Release|Any CPU.Build.0 = Release|Any CPU
		{48BB22C1-D4B3-4B3A-8B37-A8A0BE90D991}.Debug|Any CPU.ActiveCfg = Debug|Any CPU
		{48BB22C1-D4B3-4B3A-8B37-A8A0BE90D991}.Debug|Any CPU.Build.0 = Debug|Any CPU
		{48BB22C1-D4B3-4B3A-8B37-A8A0BE90D991}.Release|Any CPU.ActiveCfg = Release|Any CPU
		{48BB22C1-D4B3-4B3A-8B37-A8A0BE90D991}.Release|Any CPU.Build.0 = Release|Any CPU
		{FB340A16-41E8-41F1-B6CB-291A5E18BA0D}.Debug|Any CPU.ActiveCfg = Debug|Any CPU
		{FB340A16-41E8-41F1-B6CB-291A5E18BA0D}.Debug|Any CPU.Build.0 = Debug|Any CPU
		{FB340A16-41E8-41F1-B6CB-291A5E18BA0D}.Release|Any CPU.ActiveCfg = Release|Any CPU
		{FB340A16-41E8-41F1-B6CB-291A5E18BA0D}.Release|Any CPU.Build.0 = Release|Any CPU
		{0AC3BA60-405D-44D2-9AA3-051790A8413C}.Debug|Any CPU.ActiveCfg = Debug|Any CPU
		{0AC3BA60-405D-44D2-9AA3-051790A8413C}.Debug|Any CPU.Build.0 = Debug|Any CPU
		{0AC3BA60-405D-44D2-9AA3-051790A8413C}.Release|Any CPU.ActiveCfg = Release|Any CPU
		{0AC3BA60-405D-44D2-9AA3-051790A8413C}.Release|Any CPU.Build.0 = Release|Any CPU
		{84E58999-9466-43A9-8261-CCCAC20C6C9F}.Debug|Any CPU.ActiveCfg = Debug|Any CPU
		{84E58999-9466-43A9-8261-CCCAC20C6C9F}.Debug|Any CPU.Build.0 = Debug|Any CPU
		{84E58999-9466-43A9-8261-CCCAC20C6C9F}.Release|Any CPU.ActiveCfg = Release|Any CPU
		{84E58999-9466-43A9-8261-CCCAC20C6C9F}.Release|Any CPU.Build.0 = Release|Any CPU
		{710E1665-FB47-4844-BEFF-06FED5B6D11B}.Debug|Any CPU.ActiveCfg = Debug|Any CPU
		{710E1665-FB47-4844-BEFF-06FED5B6D11B}.Debug|Any CPU.Build.0 = Debug|Any CPU
		{710E1665-FB47-4844-BEFF-06FED5B6D11B}.Release|Any CPU.ActiveCfg = Release|Any CPU
		{710E1665-FB47-4844-BEFF-06FED5B6D11B}.Release|Any CPU.Build.0 = Release|Any CPU
	EndGlobalSection
	GlobalSection(SolutionProperties) = preSolution
		HideSolutionNode = FALSE
	EndGlobalSection
EndGlobal
